// !$*UTF8*$!
{
	archiveVersion = 1;
	classes = {
	};
	objectVersion = 46;
	objects = {

/* Begin PBXBuildFile section */
		F1283DAB1E0294670097F6C7 /* RKCircleAnimationController.m in Sources */ = {isa = PBXBuildFile; fileRef = F1283DA61E0294670097F6C7 /* RKCircleAnimationController.m */; };
		F1283DAC1E0294670097F6C7 /* RKMainController.m in Sources */ = {isa = PBXBuildFile; fileRef = F1283DA81E0294670097F6C7 /* RKMainController.m */; };
		F1283DAD1E0294670097F6C7 /* RKWaterFlowController.m in Sources */ = {isa = PBXBuildFile; fileRef = F1283DAA1E0294670097F6C7 /* RKWaterFlowController.m */; };
		F1283DB71E0296B20097F6C7 /* RKCorlorView.m in Sources */ = {isa = PBXBuildFile; fileRef = F1283DB01E0296B20097F6C7 /* RKCorlorView.m */; };
		F1283DB81E0296B20097F6C7 /* RKTextView.m in Sources */ = {isa = PBXBuildFile; fileRef = F1283DB21E0296B20097F6C7 /* RKTextView.m */; };
		F1283DB91E0296B20097F6C7 /* RKWaterFlowView.m in Sources */ = {isa = PBXBuildFile; fileRef = F1283DB41E0296B20097F6C7 /* RKWaterFlowView.m */; };
		F1283DBA1E0296B20097F6C7 /* RKWaterFlowViewCell.m in Sources */ = {isa = PBXBuildFile; fileRef = F1283DB61E0296B20097F6C7 /* RKWaterFlowViewCell.m */; };
		F1283DC11E0296B90097F6C7 /* AppDelegate.m in Sources */ = {isa = PBXBuildFile; fileRef = F1283DBD1E0296B90097F6C7 /* AppDelegate.m */; };
		F1283DC21E0296B90097F6C7 /* Info.plist in Resources */ = {isa = PBXBuildFile; fileRef = F1283DBF1E0296B90097F6C7 /* Info.plist */; };
		F1283DC31E0296B90097F6C7 /* main.m in Sources */ = {isa = PBXBuildFile; fileRef = F1283DC01E0296B90097F6C7 /* main.m */; };
		F1338E3B1ADE4808008BADB8 /* Images.xcassets in Resources */ = {isa = PBXBuildFile; fileRef = F1338E3A1ADE4808008BADB8 /* Images.xcassets */; };
		F1338E4A1ADE4808008BADB8 /* CustomClassTests.m in Sources */ = {isa = PBXBuildFile; fileRef = F1338E491ADE4808008BADB8 /* CustomClassTests.m */; };
/* End PBXBuildFile section */

/* Begin PBXContainerItemProxy section */
		F1338E441ADE4808008BADB8 /* PBXContainerItemProxy */ = {
			isa = PBXContainerItemProxy;
			containerPortal = F1338E221ADE4808008BADB8 /* Project object */;
			proxyType = 1;
			remoteGlobalIDString = F1338E291ADE4808008BADB8;
			remoteInfo = CustomClass;
		};
/* End PBXContainerItemProxy section */

/* Begin PBXFileReference section */
		F1283DA51E0294670097F6C7 /* RKCircleAnimationController.h */ = {isa = PBXFileReference; fileEncoding = 4; lastKnownFileType = sourcecode.c.h; path = RKCircleAnimationController.h; sourceTree = "<group>"; };
		F1283DA61E0294670097F6C7 /* RKCircleAnimationController.m */ = {isa = PBXFileReference; fileEncoding = 4; lastKnownFileType = sourcecode.c.objc; path = RKCircleAnimationController.m; sourceTree = "<group>"; };
		F1283DA71E0294670097F6C7 /* RKMainController.h */ = {isa = PBXFileReference; fileEncoding = 4; lastKnownFileType = sourcecode.c.h; path = RKMainController.h; sourceTree = "<group>"; };
		F1283DA81E0294670097F6C7 /* RKMainController.m */ = {isa = PBXFileReference; fileEncoding = 4; lastKnownFileType = sourcecode.c.objc; path = RKMainController.m; sourceTree = "<group>"; };
		F1283DA91E0294670097F6C7 /* RKWaterFlowController.h */ = {isa = PBXFileReference; fileEncoding = 4; lastKnownFileType = sourcecode.c.h; path = RKWaterFlowController.h; sourceTree = "<group>"; };
		F1283DAA1E0294670097F6C7 /* RKWaterFlowController.m */ = {isa = PBXFileReference; fileEncoding = 4; lastKnownFileType = sourcecode.c.objc; path = RKWaterFlowController.m; sourceTree = "<group>"; };
		F1283DAF1E0296B20097F6C7 /* RKCorlorView.h */ = {isa = PBXFileReference; fileEncoding = 4; lastKnownFileType = sourcecode.c.h; path = RKCorlorView.h; sourceTree = "<group>"; };
		F1283DB01E0296B20097F6C7 /* RKCorlorView.m */ = {isa = PBXFileReference; fileEncoding = 4; lastKnownFileType = sourcecode.c.objc; path = RKCorlorView.m; sourceTree = "<group>"; };
		F1283DB11E0296B20097F6C7 /* RKTextView.h */ = {isa = PBXFileReference; fileEncoding = 4; lastKnownFileType = sourcecode.c.h; path = RKTextView.h; sourceTree = "<group>"; };
		F1283DB21E0296B20097F6C7 /* RKTextView.m */ = {isa = PBXFileReference; fileEncoding = 4; lastKnownFileType = sourcecode.c.objc; path = RKTextView.m; sourceTree = "<group>"; };
		F1283DB31E0296B20097F6C7 /* RKWaterFlowView.h */ = {isa = PBXFileReference; fileEncoding = 4; lastKnownFileType = sourcecode.c.h; path = RKWaterFlowView.h; sourceTree = "<group>"; };
		F1283DB41E0296B20097F6C7 /* RKWaterFlowView.m */ = {isa = PBXFileReference; fileEncoding = 4; lastKnownFileType = sourcecode.c.objc; path = RKWaterFlowView.m; sourceTree = "<group>"; };
		F1283DB51E0296B20097F6C7 /* RKWaterFlowViewCell.h */ = {isa = PBXFileReference; fileEncoding = 4; lastKnownFileType = sourcecode.c.h; path = RKWaterFlowViewCell.h; sourceTree = "<group>"; };
		F1283DB61E0296B20097F6C7 /* RKWaterFlowViewCell.m */ = {isa = PBXFileReference; fileEncoding = 4; lastKnownFileType = sourcecode.c.objc; path = RKWaterFlowViewCell.m; sourceTree = "<group>"; };
		F1283DBC1E0296B90097F6C7 /* AppDelegate.h */ = {isa = PBXFileReference; fileEncoding = 4; lastKnownFileType = sourcecode.c.h; path = AppDelegate.h; sourceTree = "<group>"; };
		F1283DBD1E0296B90097F6C7 /* AppDelegate.m */ = {isa = PBXFileReference; fileEncoding = 4; lastKnownFileType = sourcecode.c.objc; path = AppDelegate.m; sourceTree = "<group>"; };
		F1283DBE1E0296B90097F6C7 /* CustomClass.pch */ = {isa = PBXFileReference; fileEncoding = 4; lastKnownFileType = sourcecode.c.h; path = CustomClass.pch; sourceTree = "<group>"; };
		F1283DBF1E0296B90097F6C7 /* Info.plist */ = {isa = PBXFileReference; fileEncoding = 4; lastKnownFileType = text.plist.xml; name = Info.plist; path = Other/Info.plist; sourceTree = "<group>"; };
		F1283DC01E0296B90097F6C7 /* main.m */ = {isa = PBXFileReference; fileEncoding = 4; lastKnownFileType = sourcecode.c.objc; name = main.m; path = Other/main.m; sourceTree = "<group>"; };
		F1338E2A1ADE4808008BADB8 /* CustomClass.app */ = {isa = PBXFileReference; explicitFileType = wrapper.application; includeInIndex = 0; path = CustomClass.app; sourceTree = BUILT_PRODUCTS_DIR; };
		F1338E3A1ADE4808008BADB8 /* Images.xcassets */ = {isa = PBXFileReference; lastKnownFileType = folder.assetcatalog; path = Images.xcassets; sourceTree = "<group>"; };
		F1338E431ADE4808008BADB8 /* CustomClassTests.xctest */ = {isa = PBXFileReference; explicitFileType = wrapper.cfbundle; includeInIndex = 0; path = CustomClassTests.xctest; sourceTree = BUILT_PRODUCTS_DIR; };
		F1338E481ADE4808008BADB8 /* Info.plist */ = {isa = PBXFileReference; lastKnownFileType = text.plist.xml; path = Info.plist; sourceTree = "<group>"; };
		F1338E491ADE4808008BADB8 /* CustomClassTests.m */ = {isa = PBXFileReference; lastKnownFileType = sourcecode.c.objc; path = CustomClassTests.m; sourceTree = "<group>"; };
/* End PBXFileReference section */

/* Begin PBXFrameworksBuildPhase section */
		F1338E271ADE4808008BADB8 /* Frameworks */ = {
			isa = PBXFrameworksBuildPhase;
			buildActionMask = 2147483647;
			files = (
			);
			runOnlyForDeploymentPostprocessing = 0;
		};
		F1338E401ADE4808008BADB8 /* Frameworks */ = {
			isa = PBXFrameworksBuildPhase;
			buildActionMask = 2147483647;
			files = (
			);
			runOnlyForDeploymentPostprocessing = 0;
		};
/* End PBXFrameworksBuildPhase section */

/* Begin PBXGroup section */
		F1283DA41E0294670097F6C7 /* Controller */ = {
			isa = PBXGroup;
			children = (
				F1283DA51E0294670097F6C7 /* RKCircleAnimationController.h */,
				F1283DA61E0294670097F6C7 /* RKCircleAnimationController.m */,
				F1283DA71E0294670097F6C7 /* RKMainController.h */,
				F1283DA81E0294670097F6C7 /* RKMainController.m */,
				F1283DA91E0294670097F6C7 /* RKWaterFlowController.h */,
				F1283DAA1E0294670097F6C7 /* RKWaterFlowController.m */,
			);
			path = Controller;
			sourceTree = "<group>";
		};
		F1283DAE1E0296B20097F6C7 /* View */ = {
			isa = PBXGroup;
			children = (
				F1283DAF1E0296B20097F6C7 /* RKCorlorView.h */,
				F1283DB01E0296B20097F6C7 /* RKCorlorView.m */,
				F1283DB11E0296B20097F6C7 /* RKTextView.h */,
				F1283DB21E0296B20097F6C7 /* RKTextView.m */,
				F1283DB31E0296B20097F6C7 /* RKWaterFlowView.h */,
				F1283DB41E0296B20097F6C7 /* RKWaterFlowView.m */,
				F1283DB51E0296B20097F6C7 /* RKWaterFlowViewCell.h */,
				F1283DB61E0296B20097F6C7 /* RKWaterFlowViewCell.m */,
			);
			path = View;
			sourceTree = "<group>";
		};
		F1283DBB1E0296B90097F6C7 /* Other */ = {
			isa = PBXGroup;
			children = (
				F1283DBC1E0296B90097F6C7 /* AppDelegate.h */,
				F1283DBD1E0296B90097F6C7 /* AppDelegate.m */,
				F1283DBE1E0296B90097F6C7 /* CustomClass.pch */,
			);
			name = Other;
			path = CustomClass/Other;
			sourceTree = "<group>";
		};
		F1283DC41E0297280097F6C7 /* Model */ = {
			isa = PBXGroup;
			children = (
			);
			path = Model;
			sourceTree = "<group>";
		};
		F1338E211ADE4808008BADB8 = {
			isa = PBXGroup;
			children = (
				F1338E2C1ADE4808008BADB8 /* CustomClass */,
				F1283DBB1E0296B90097F6C7 /* Other */,
				F1338E2D1ADE4808008BADB8 /* Supporting Files */,
				F1338E461ADE4808008BADB8 /* CustomClassTests */,
				F1338E2B1ADE4808008BADB8 /* Products */,
			);
			sourceTree = "<group>";
		};
		F1338E2B1ADE4808008BADB8 /* Products */ = {
			isa = PBXGroup;
			children = (
				F1338E2A1ADE4808008BADB8 /* CustomClass.app */,
				F1338E431ADE4808008BADB8 /* CustomClassTests.xctest */,
			);
			name = Products;
			sourceTree = "<group>";
		};
		F1338E2C1ADE4808008BADB8 /* CustomClass */ = {
			isa = PBXGroup;
			children = (
				F1283DC41E0297280097F6C7 /* Model */,
				F1283DAE1E0296B20097F6C7 /* View */,
				F1283DA41E0294670097F6C7 /* Controller */,
			);
			path = CustomClass;
			sourceTree = "<group>";
		};
		F1338E2D1ADE4808008BADB8 /* Supporting Files */ = {
			isa = PBXGroup;
			children = (
				F1283DBF1E0296B90097F6C7 /* Info.plist */,
				F1283DC01E0296B90097F6C7 /* main.m */,
				F1338E3A1ADE4808008BADB8 /* Images.xcassets */,
			);
			name = "Supporting Files";
			path = CustomClass;
			sourceTree = "<group>";
		};
		F1338E461ADE4808008BADB8 /* CustomClassTests */ = {
			isa = PBXGroup;
			children = (
				F1338E491ADE4808008BADB8 /* CustomClassTests.m */,
				F1338E471ADE4808008BADB8 /* Supporting Files */,
			);
			path = CustomClassTests;
			sourceTree = "<group>";
		};
		F1338E471ADE4808008BADB8 /* Supporting Files */ = {
			isa = PBXGroup;
			children = (
				F1338E481ADE4808008BADB8 /* Info.plist */,
			);
			name = "Supporting Files";
			sourceTree = "<group>";
		};
/* End PBXGroup section */

/* Begin PBXNativeTarget section */
		F1338E291ADE4808008BADB8 /* CustomClass */ = {
			isa = PBXNativeTarget;
			buildConfigurationList = F1338E4D1ADE4808008BADB8 /* Build configuration list for PBXNativeTarget "CustomClass" */;
			buildPhases = (
				F1338E261ADE4808008BADB8 /* Sources */,
				F1338E271ADE4808008BADB8 /* Frameworks */,
				F1338E281ADE4808008BADB8 /* Resources */,
			);
			buildRules = (
			);
			dependencies = (
			);
			name = CustomClass;
			productName = CustomClass;
			productReference = F1338E2A1ADE4808008BADB8 /* CustomClass.app */;
			productType = "com.apple.product-type.application";
		};
		F1338E421ADE4808008BADB8 /* CustomClassTests */ = {
			isa = PBXNativeTarget;
			buildConfigurationList = F1338E501ADE4808008BADB8 /* Build configuration list for PBXNativeTarget "CustomClassTests" */;
			buildPhases = (
				F1338E3F1ADE4808008BADB8 /* Sources */,
				F1338E401ADE4808008BADB8 /* Frameworks */,
				F1338E411ADE4808008BADB8 /* Resources */,
			);
			buildRules = (
			);
			dependencies = (
				F1338E451ADE4808008BADB8 /* PBXTargetDependency */,
			);
			name = CustomClassTests;
			productName = CustomClassTests;
			productReference = F1338E431ADE4808008BADB8 /* CustomClassTests.xctest */;
			productType = "com.apple.product-type.bundle.unit-test";
		};
/* End PBXNativeTarget section */

/* Begin PBXProject section */
		F1338E221ADE4808008BADB8 /* Project object */ = {
			isa = PBXProject;
			attributes = {
				CLASSPREFIX = RK;
				LastUpgradeCheck = 0810;
				ORGANIZATIONNAME = RK;
				TargetAttributes = {
					F1338E291ADE4808008BADB8 = {
						CreatedOnToolsVersion = 6.3;
					};
					F1338E421ADE4808008BADB8 = {
						CreatedOnToolsVersion = 6.3;
						TestTargetID = F1338E291ADE4808008BADB8;
					};
				};
			};
			buildConfigurationList = F1338E251ADE4808008BADB8 /* Build configuration list for PBXProject "CustomClass" */;
			compatibilityVersion = "Xcode 3.2";
			developmentRegion = English;
			hasScannedForEncodings = 0;
			knownRegions = (
				en,
				Base,
			);
			mainGroup = F1338E211ADE4808008BADB8;
			productRefGroup = F1338E2B1ADE4808008BADB8 /* Products */;
			projectDirPath = "";
			projectRoot = "";
			targets = (
				F1338E291ADE4808008BADB8 /* CustomClass */,
				F1338E421ADE4808008BADB8 /* CustomClassTests */,
			);
		};
/* End PBXProject section */

/* Begin PBXResourcesBuildPhase section */
		F1338E281ADE4808008BADB8 /* Resources */ = {
			isa = PBXResourcesBuildPhase;
			buildActionMask = 2147483647;
			files = (
				F1283DC21E0296B90097F6C7 /* Info.plist in Resources */,
				F1338E3B1ADE4808008BADB8 /* Images.xcassets in Resources */,
			);
			runOnlyForDeploymentPostprocessing = 0;
		};
		F1338E411ADE4808008BADB8 /* Resources */ = {
			isa = PBXResourcesBuildPhase;
			buildActionMask = 2147483647;
			files = (
			);
			runOnlyForDeploymentPostprocessing = 0;
		};
/* End PBXResourcesBuildPhase section */

/* Begin PBXSourcesBuildPhase section */
		F1338E261ADE4808008BADB8 /* Sources */ = {
			isa = PBXSourcesBuildPhase;
			buildActionMask = 2147483647;
			files = (
				F1283DAD1E0294670097F6C7 /* RKWaterFlowController.m in Sources */,
				F1283DAC1E0294670097F6C7 /* RKMainController.m in Sources */,
				F1283DB81E0296B20097F6C7 /* RKTextView.m in Sources */,
				F1283DB71E0296B20097F6C7 /* RKCorlorView.m in Sources */,
				F1283DC11E0296B90097F6C7 /* AppDelegate.m in Sources */,
				F1283DBA1E0296B20097F6C7 /* RKWaterFlowViewCell.m in Sources */,
				F1283DAB1E0294670097F6C7 /* RKCircleAnimationController.m in Sources */,
				F1283DC31E0296B90097F6C7 /* main.m in Sources */,
				F1283DB91E0296B20097F6C7 /* RKWaterFlowView.m in Sources */,
			);
			runOnlyForDeploymentPostprocessing = 0;
		};
		F1338E3F1ADE4808008BADB8 /* Sources */ = {
			isa = PBXSourcesBuildPhase;
			buildActionMask = 2147483647;
			files = (
				F1338E4A1ADE4808008BADB8 /* CustomClassTests.m in Sources */,
			);
			runOnlyForDeploymentPostprocessing = 0;
		};
/* End PBXSourcesBuildPhase section */

/* Begin PBXTargetDependency section */
		F1338E451ADE4808008BADB8 /* PBXTargetDependency */ = {
			isa = PBXTargetDependency;
			target = F1338E291ADE4808008BADB8 /* CustomClass */;
			targetProxy = F1338E441ADE4808008BADB8 /* PBXContainerItemProxy */;
		};
/* End PBXTargetDependency section */

/* Begin XCBuildConfiguration section */
		F1338E4B1ADE4808008BADB8 /* Debug */ = {
			isa = XCBuildConfiguration;
			buildSettings = {
				ALWAYS_SEARCH_USER_PATHS = NO;
				CLANG_CXX_LANGUAGE_STANDARD = "gnu++0x";
				CLANG_CXX_LIBRARY = "libc++";
				CLANG_ENABLE_MODULES = YES;
				CLANG_ENABLE_OBJC_ARC = YES;
				CLANG_WARN_BOOL_CONVERSION = YES;
				CLANG_WARN_CONSTANT_CONVERSION = YES;
				CLANG_WARN_DIRECT_OBJC_ISA_USAGE = YES_ERROR;
				CLANG_WARN_EMPTY_BODY = YES;
				CLANG_WARN_ENUM_CONVERSION = YES;
				CLANG_WARN_INFINITE_RECURSION = YES;
				CLANG_WARN_INT_CONVERSION = YES;
				CLANG_WARN_OBJC_ROOT_CLASS = YES_ERROR;
				CLANG_WARN_SUSPICIOUS_MOVE = YES;
				CLANG_WARN_UNREACHABLE_CODE = YES;
				CLANG_WARN__DUPLICATE_METHOD_MATCH = YES;
				"CODE_SIGN_IDENTITY[sdk=iphoneos*]" = "iPhone Developer";
				COPY_PHASE_STRIP = NO;
				DEBUG_INFORMATION_FORMAT = "dwarf-with-dsym";
				ENABLE_STRICT_OBJC_MSGSEND = YES;
				ENABLE_TESTABILITY = YES;
				GCC_C_LANGUAGE_STANDARD = gnu99;
				GCC_DYNAMIC_NO_PIC = NO;
				GCC_NO_COMMON_BLOCKS = YES;
				GCC_OPTIMIZATION_LEVEL = 0;
				GCC_PREPROCESSOR_DEFINITIONS = (
					"DEBUG=1",
					"$(inherited)",
				);
				GCC_SYMBOLS_PRIVATE_EXTERN = NO;
				GCC_WARN_64_TO_32_BIT_CONVERSION = YES;
				GCC_WARN_ABOUT_RETURN_TYPE = YES_ERROR;
				GCC_WARN_UNDECLARED_SELECTOR = YES;
				GCC_WARN_UNINITIALIZED_AUTOS = YES_AGGRESSIVE;
				GCC_WARN_UNUSED_FUNCTION = YES;
				GCC_WARN_UNUSED_VARIABLE = YES;
				IPHONEOS_DEPLOYMENT_TARGET = 8.3;
				MTL_ENABLE_DEBUG_INFO = YES;
				ONLY_ACTIVE_ARCH = YES;
				SDKROOT = iphoneos;
				TARGETED_DEVICE_FAMILY = "1,2";
			};
			name = Debug;
		};
		F1338E4C1ADE4808008BADB8 /* Release */ = {
			isa = XCBuildConfiguration;
			buildSettings = {
				ALWAYS_SEARCH_USER_PATHS = NO;
				CLANG_CXX_LANGUAGE_STANDARD = "gnu++0x";
				CLANG_CXX_LIBRARY = "libc++";
				CLANG_ENABLE_MODULES = YES;
				CLANG_ENABLE_OBJC_ARC = YES;
				CLANG_WARN_BOOL_CONVERSION = YES;
				CLANG_WARN_CONSTANT_CONVERSION = YES;
				CLANG_WARN_DIRECT_OBJC_ISA_USAGE = YES_ERROR;
				CLANG_WARN_EMPTY_BODY = YES;
				CLANG_WARN_ENUM_CONVERSION = YES;
				CLANG_WARN_INFINITE_RECURSION = YES;
				CLANG_WARN_INT_CONVERSION = YES;
				CLANG_WARN_OBJC_ROOT_CLASS = YES_ERROR;
				CLANG_WARN_SUSPICIOUS_MOVE = YES;
				CLANG_WARN_UNREACHABLE_CODE = YES;
				CLANG_WARN__DUPLICATE_METHOD_MATCH = YES;
				"CODE_SIGN_IDENTITY[sdk=iphoneos*]" = "iPhone Developer";
				COPY_PHASE_STRIP = NO;
				DEBUG_INFORMATION_FORMAT = "dwarf-with-dsym";
				ENABLE_NS_ASSERTIONS = NO;
				ENABLE_STRICT_OBJC_MSGSEND = YES;
				GCC_C_LANGUAGE_STANDARD = gnu99;
				GCC_NO_COMMON_BLOCKS = YES;
				GCC_WARN_64_TO_32_BIT_CONVERSION = YES;
				GCC_WARN_ABOUT_RETURN_TYPE = YES_ERROR;
				GCC_WARN_UNDECLARED_SELECTOR = YES;
				GCC_WARN_UNINITIALIZED_AUTOS = YES_AGGRESSIVE;
				GCC_WARN_UNUSED_FUNCTION = YES;
				GCC_WARN_UNUSED_VARIABLE = YES;
				IPHONEOS_DEPLOYMENT_TARGET = 8.3;
				MTL_ENABLE_DEBUG_INFO = NO;
				SDKROOT = iphoneos;
				TARGETED_DEVICE_FAMILY = "1,2";
				VALIDATE_PRODUCT = YES;
			};
			name = Release;
		};
		F1338E4E1ADE4808008BADB8 /* Debug */ = {
			isa = XCBuildConfiguration;
			buildSettings = {
				ASSETCATALOG_COMPILER_APPICON_NAME = AppIcon;
				ASSETCATALOG_COMPILER_LAUNCHIMAGE_NAME = LaunchImage;
				GCC_PREFIX_HEADER = CustomClass/CustomClass.pch;
				INFOPLIST_FILE = CustomClass/Info.plist;
				IPHONEOS_DEPLOYMENT_TARGET = 8.0;
				LD_RUNPATH_SEARCH_PATHS = "$(inherited) @executable_path/Frameworks";
				PRODUCT_BUNDLE_IDENTIFIER = "com.9666.www.$(PRODUCT_NAME:rfc1034identifier)";
				PRODUCT_NAME = "$(TARGET_NAME)";
				TARGETED_DEVICE_FAMILY = "1,2";
			};
			name = Debug;
		};
		F1338E4F1ADE4808008BADB8 /* Release */ = {
			isa = XCBuildConfiguration;
			buildSettings = {
				ASSETCATALOG_COMPILER_APPICON_NAME = AppIcon;
				ASSETCATALOG_COMPILER_LAUNCHIMAGE_NAME = LaunchImage;
				GCC_PREFIX_HEADER = CustomClass/CustomClass.pch;
				INFOPLIST_FILE = CustomClass/Info.plist;
				IPHONEOS_DEPLOYMENT_TARGET = 8.0;
				LD_RUNPATH_SEARCH_PATHS = "$(inherited) @executable_path/Frameworks";
				PRODUCT_BUNDLE_IDENTIFIER = "com.9666.www.$(PRODUCT_NAME:rfc1034identifier)";
				PRODUCT_NAME = "$(TARGET_NAME)";
				TARGETED_DEVICE_FAMILY = "1,2";
			};
			name = Release;
		};
		F1338E511ADE4808008BADB8 /* Debug */ = {
			isa = XCBuildConfiguration;
			buildSettings = {
				BUNDLE_LOADER = "$(TEST_HOST)";
				FRAMEWORK_SEARCH_PATHS = (
					"$(SDKROOT)/Developer/Library/Frameworks",
					"$(inherited)",
				);
				GCC_PREPROCESSOR_DEFINITIONS = (
					"DEBUG=1",
					"$(inherited)",
				);
				INFOPLIST_FILE = CustomClassTests/Info.plist;
				LD_RUNPATH_SEARCH_PATHS = "$(inherited) @executable_path/Frameworks @loader_path/Frameworks";
				PRODUCT_BUNDLE_IDENTIFIER = "com.9666.www.$(PRODUCT_NAME:rfc1034identifier)";
				PRODUCT_NAME = "$(TARGET_NAME)";
				TEST_HOST = "$(BUILT_PRODUCTS_DIR)/CustomClass.app/CustomClass";
			};
			name = Debug;
		};
		F1338E521ADE4808008BADB8 /* Release */ = {
			isa = XCBuildConfiguration;
			buildSettings = {
				BUNDLE_LOADER = "$(TEST_HOST)";
				FRAMEWORK_SEARCH_PATHS = (
					"$(SDKROOT)/Developer/Library/Frameworks",
					"$(inherited)",
				);
				INFOPLIST_FILE = CustomClassTests/Info.plist;
				LD_RUNPATH_SEARCH_PATHS = "$(inherited) @executable_path/Frameworks @loader_path/Frameworks";
				PRODUCT_BUNDLE_IDENTIFIER = "com.9666.www.$(PRODUCT_NAME:rfc1034identifier)";
				PRODUCT_NAME = "$(TARGET_NAME)";
				TEST_HOST = "$(BUILT_PRODUCTS_DIR)/CustomClass.app/CustomClass";
			};
			name = Release;
		};
/* End XCBuildConfiguration section */

/* Begin XCConfigurationList section */
		F1338E251ADE4808008BADB8 /* Build configuration list for PBXProject "CustomClass" */ = {
			isa = XCConfigurationList;
			buildConfigurations = (
				F1338E4B1ADE4808008BADB8 /* Debug */,
				F1338E4C1ADE4808008BADB8 /* Release */,
			);
			defaultConfigurationIsVisible = 0;
			defaultConfigurationName = Release;
		};
		F1338E4D1ADE4808008BADB8 /* Build configuration list for PBXNativeTarget "CustomClass" */ = {
			isa = XCConfigurationList;
			buildConfigurations = (
				F1338E4E1ADE4808008BADB8 /* Debug */,
				F1338E4F1ADE4808008BADB8 /* Release */,
			);
			defaultConfigurationIsVisible = 0;
			defaultConfigurationName = Release;
		};
		F1338E501ADE4808008BADB8 /* Build configuration list for PBXNativeTarget "CustomClassTests" */ = {
			isa = XCConfigurationList;
			buildConfigurations = (
				F1338E511ADE4808008BADB8 /* Debug */,
				F1338E521ADE4808008BADB8 /* Release */,
			);
			defaultConfigurationIsVisible = 0;
			defaultConfigurationName = Release;
		};
/* End XCConfigurationList section */
	};
	rootObject = F1338E221ADE4808008BADB8 /* Project object */;
}
